{
  "originHash" : "ef18cfe39d345a8054ee8dfe9ed5831480aa043bc9f6a262e83092210108e7dd",
  "pins" : [
    {
      "identity" : "swift-custom-dump",
      "kind" : "remoteSourceControl",
      "location" : "https://github.com/pointfreeco/swift-custom-dump",
      "state" : {
        "revision" : "06c57924455064182d6b217f06ebc05d00cb2990",
        "version" : "1.5.0"
      }
    },
    {
      "identity" : "swift-snapshot-testing",
      "kind" : "remoteSourceControl",
      "location" : "https://github.com/pointfreeco/swift-snapshot-testing",
      "state" : {
        "revision" : "bf8d8c27f0f0c6d5e77bff0db76ab68f2050d15d",
        "version" : "1.18.9"
      }
    },
    {
      "identity" : "swift-syntax",
      "kind" : "remoteSourceControl",
      "location" : "https://github.com/swiftlang/swift-syntax",
      "state" : {
        "revision" : "4799286537280063c85a32f09884cfbca301b1a1",
        "version" : "602.0.0"
      }
    },
    {
      "identity" : "vauchi-platform-swift",
      "kind" : "remoteSourceControl",
      "location" : "https://gitlab.com/vauchi/vauchi-platform-swift.git",
      "state" : {
        "revision" : "5403d81105d85b9463e6d802ca09d66d4fa2a6b4",
        "version" : "0.18.9"
      }
    },
    {
      "identity" : "xctest-dynamic-overlay",
      "kind" : "remoteSourceControl",
      "location" : "https://github.com/pointfreeco/xctest-dynamic-overlay",
      "state" : {
        "revision" : "dfd70507def84cb5fb821278448a262c6ff2bbad",
        "version" : "1.9.0"
      }
    }
  ],
  "version" : 3
}
